
Microsoft Visual Studio Solution File, Format Version 12.00
# Visual Studio 14
VisualStudioVersion = 14.0.25420.1
MinimumVisualStudioVersion = 10.0.40219.1
Project("{F184B08F-C81C-45F6-A57F-5ABD9991F28F}") = "AliMuhammad", "AliMuhammad\AliMuhammad.vbproj", "{885C9701-204E-4655-84D2-DE9274DBE747}"
EndProject
Global
	GlobalSection(SolutionConfigurationPlatforms) = preSolution
		Debug|Any CPU = Debug|Any CPU
		Release|Any CPU = Release|Any CPU
	EndGlobalSection
	GlobalSection(ProjectConfigurationPlatforms) = postSolution
		{885C9701-204E-4655-84D2-DE9274DBE747}.Debug|Any CPU.ActiveCfg = Debug|Any CPU
		{885C9701-204E-4655-84D2-DE9274DBE747}.Debug|Any CPU.Build.0 = Debug|Any CPU
		{885C9701-204E-4655-84D2-DE9274DBE747}.Release|Any CPU.ActiveCfg = Release|Any CPU
		{885C9701-204E-4655-84D2-DE9274DBE747}.Release|Any CPU.Build.0 = Release|Any CPU
	EndGlobalSection
	GlobalSection(SolutionProperties) = preSolution
		HideSolutionNode = FALSE
	EndGlobalSection
EndGlobal
